
Microsoft Visual Studio Solution File, Format Version 12.00
# Visual Studio 15
VisualStudioVersion = 15.0.27703.2042
MinimumVisualStudioVersion = 10.0.40219.1
Project("{FAE04EC0-301F-11D3-BF4B-00C04F79EFBC}") = "DXApplication1.Module", "DXApplication1.Module\DXApplication1.Module.csproj", "{5F15837D-D1E5-44DC-92F0-4F2EBE9C3F8D}"
EndProject
Project("{FAE04EC0-301F-11D3-BF4B-00C04F79EFBC}") = "DXApplication1.Module.Win", "DXApplication1.Module.Win\DXApplication1.Module.Win.csproj", "{7964F87D-BC5D-4C4E-8B2F-71E89739AA97}"
EndProject
Project("{FAE04EC0-301F-11D3-BF4B-00C04F79EFBC}") = "DXApplication1.Win", "DXApplication1.Win\DXApplication1.Win.csproj", "{D05D93DF-312D-4D4E-B980-726871EC7833}"
EndProject
Project("{FAE04EC0-301F-11D3-BF4B-00C04F79EFBC}") = "DAL", "DAL\DAL.csproj", "{8DD4B7E4-EC2C-4C95-A8CE-79D56B333733}"
EndProject
Project("{FAE04EC0-301F-11D3-BF4B-00C04F79EFBC}") = "BLL", "BLL\BLL.csproj", "{C7216F2D-84F4-4215-AFD9-5EA70727A126}"
EndProject
Project("{FAE04EC0-301F-11D3-BF4B-00C04F79EFBC}") = "RepoServices", "RepoServices\RepoServices.csproj", "{E8851033-51ED-45C6-BC9E-36EA53D0E7B7}"
EndProject
Project("{FAE04EC0-301F-11D3-BF4B-00C04F79EFBC}") = "ApiViewModelMapper", "ApiViewModelMapper\ApiViewModelMapper.csproj", "{B1CCB2D1-C99F-4EB4-A666-3F001FD15854}"
EndProject
Project("{FAE04EC0-301F-11D3-BF4B-00C04F79EFBC}") = "BLL.Specs", "BLL.Specs\BLL.Specs.csproj", "{98A970B9-B0B1-43A8-9525-10E3E3AADD26}"
EndProject
Project("{9A19103F-16F7-4668-BE54-9A1E7A4F7556}") = "ApiCore2.1", "ApiCore2.1\ApiCore2.1.csproj", "{BBAB225A-A765-4D0C-93AF-FB05CEFA86D4}"
EndProject
Project("{FAE04EC0-301F-11D3-BF4B-00C04F79EFBC}") = "PGProvider", "PGProvider\PGProvider.csproj", "{6EEE4062-4A3F-40C6-9D48-68481484574E}"
EndProject
Project("{FAE04EC0-301F-11D3-BF4B-00C04F79EFBC}") = "ApiClient", "ApiClient\ApiClient.csproj", "{F90329E7-76BB-4B2F-A717-84644452FD6D}"
EndProject
Global
	GlobalSection(SolutionConfigurationPlatforms) = preSolution
		Debug|Any CPU = Debug|Any CPU
		EasyTest|Any CPU = EasyTest|Any CPU
		Release|Any CPU = Release|Any CPU
	EndGlobalSection
	GlobalSection(ProjectConfigurationPlatforms) = postSolution
		{5F15837D-D1E5-44DC-92F0-4F2EBE9C3F8D}.Debug|Any CPU.ActiveCfg = Debug|Any CPU
		{5F15837D-D1E5-44DC-92F0-4F2EBE9C3F8D}.Debug|Any CPU.Build.0 = Debug|Any CPU
		{5F15837D-D1E5-44DC-92F0-4F2EBE9C3F8D}.EasyTest|Any CPU.ActiveCfg = EasyTest|Any CPU
		{5F15837D-D1E5-44DC-92F0-4F2EBE9C3F8D}.EasyTest|Any CPU.Build.0 = EasyTest|Any CPU
		{5F15837D-D1E5-44DC-92F0-4F2EBE9C3F8D}.Release|Any CPU.ActiveCfg = Release|Any CPU
		{5F15837D-D1E5-44DC-92F0-4F2EBE9C3F8D}.Release|Any CPU.Build.0 = Release|Any CPU
		{7964F87D-BC5D-4C4E-8B2F-71E89739AA97}.Debug|Any CPU.ActiveCfg = Debug|Any CPU
		{7964F87D-BC5D-4C4E-8B2F-71E89739AA97}.Debug|Any CPU.Build.0 = Debug|Any CPU
		{7964F87D-BC5D-4C4E-8B2F-71E89739AA97}.EasyTest|Any CPU.ActiveCfg = EasyTest|Any CPU
		{7964F87D-BC5D-4C4E-8B2F-71E89739AA97}.EasyTest|Any CPU.Build.0 = EasyTest|Any CPU
		{7964F87D-BC5D-4C4E-8B2F-71E89739AA97}.Release|Any CPU.ActiveCfg = Release|Any CPU
		{7964F87D-BC5D-4C4E-8B2F-71E89739AA97}.Release|Any CPU.Build.0 = Release|Any CPU
		{D05D93DF-312D-4D4E-B980-726871EC7833}.Debug|Any CPU.ActiveCfg = Debug|Any CPU
		{D05D93DF-312D-4D4E-B980-726871EC7833}.Debug|Any CPU.Build.0 = Debug|Any CPU
		{D05D93DF-312D-4D4E-B980-726871EC7833}.EasyTest|Any CPU.ActiveCfg = EasyTest|Any CPU
		{D05D93DF-312D-4D4E-B980-726871EC7833}.EasyTest|Any CPU.Build.0 = EasyTest|Any CPU
		{D05D93DF-312D-4D4E-B980-726871EC7833}.Release|Any CPU.ActiveCfg = Release|Any CPU
		{D05D93DF-312D-4D4E-B980-726871EC7833}.Release|Any CPU.Build.0 = Release|Any CPU
		{8DD4B7E4-EC2C-4C95-A8CE-79D56B333733}.Debug|Any CPU.ActiveCfg = Debug|Any CPU
		{8DD4B7E4-EC2C-4C95-A8CE-79D56B333733}.Debug|Any CPU.Build.0 = Debug|Any CPU
		{8DD4B7E4-EC2C-4C95-A8CE-79D56B333733}.EasyTest|Any CPU.ActiveCfg = Release|Any CPU
		{8DD4B7E4-EC2C-4C95-A8CE-79D56B333733}.EasyTest|Any CPU.Build.0 = Release|Any CPU
		{8DD4B7E4-EC2C-4C95-A8CE-79D56B333733}.Release|Any CPU.ActiveCfg = Release|Any CPU
		{8DD4B7E4-EC2C-4C95-A8CE-79D56B333733}.Release|Any CPU.Build.0 = Release|Any CPU
		{C7216F2D-84F4-4215-AFD9-5EA70727A126}.Debug|Any CPU.ActiveCfg = Debug|Any CPU
		{C7216F2D-84F4-4215-AFD9-5EA70727A126}.Debug|Any CPU.Build.0 = Debug|Any CPU
		{C7216F2D-84F4-4215-AFD9-5EA70727A126}.EasyTest|Any CPU.ActiveCfg = Release|Any CPU
		{C7216F2D-84F4-4215-AFD9-5EA70727A126}.EasyTest|Any CPU.Build.0 = Release|Any CPU
		{C7216F2D-84F4-4215-AFD9-5EA70727A126}.Release|Any CPU.ActiveCfg = Release|Any CPU
		{C7216F2D-84F4-4215-AFD9-5EA70727A126}.Release|Any CPU.Build.0 = Release|Any CPU
		{E8851033-51ED-45C6-BC9E-36EA53D0E7B7}.Debug|Any CPU.ActiveCfg = Debug|Any CPU
		{E8851033-51ED-45C6-BC9E-36EA53D0E7B7}.Debug|Any CPU.Build.0 = Debug|Any CPU
		{E8851033-51ED-45C6-BC9E-36EA53D0E7B7}.EasyTest|Any CPU.ActiveCfg = Release|Any CPU
		{E8851033-51ED-45C6-BC9E-36EA53D0E7B7}.EasyTest|Any CPU.Build.0 = Release|Any CPU
		{E8851033-51ED-45C6-BC9E-36EA53D0E7B7}.Release|Any CPU.ActiveCfg = Release|Any CPU
		{E8851033-51ED-45C6-BC9E-36EA53D0E7B7}.Release|Any CPU.Build.0 = Release|Any CPU
		{B1CCB2D1-C99F-4EB4-A666-3F001FD15854}.Debug|Any CPU.ActiveCfg = Debug|Any CPU
		{B1CCB2D1-C99F-4EB4-A666-3F001FD15854}.Debug|Any CPU.Build.0 = Debug|Any CPU
		{B1CCB2D1-C99F-4EB4-A666-3F001FD15854}.EasyTest|Any CPU.ActiveCfg = Release|Any CPU
		{B1CCB2D1-C99F-4EB4-A666-3F001FD15854}.EasyTest|Any CPU.Build.0 = Release|Any CPU
		{B1CCB2D1-C99F-4EB4-A666-3F001FD15854}.Release|Any CPU.ActiveCfg = Release|Any CPU
		{B1CCB2D1-C99F-4EB4-A666-3F001FD15854}.Release|Any CPU.Build.0 = Release|Any CPU
		{98A970B9-B0B1-43A8-9525-10E3E3AADD26}.Debug|Any CPU.ActiveCfg = Debug|Any CPU
		{98A970B9-B0B1-43A8-9525-10E3E3AADD26}.Debug|Any CPU.Build.0 = Debug|Any CPU
		{98A970B9-B0B1-43A8-9525-10E3E3AADD26}.EasyTest|Any CPU.ActiveCfg = Release|Any CPU
		{98A970B9-B0B1-43A8-9525-10E3E3AADD26}.EasyTest|Any CPU.Build.0 = Release|Any CPU
		{98A970B9-B0B1-43A8-9525-10E3E3AADD26}.Release|Any CPU.ActiveCfg = Release|Any CPU
		{98A970B9-B0B1-43A8-9525-10E3E3AADD26}.Release|Any CPU.Build.0 = Release|Any CPU
		{BBAB225A-A765-4D0C-93AF-FB05CEFA86D4}.Debug|Any CPU.ActiveCfg = Debug|Any CPU
		{BBAB225A-A765-4D0C-93AF-FB05CEFA86D4}.Debug|Any CPU.Build.0 = Debug|Any CPU
		{BBAB225A-A765-4D0C-93AF-FB05CEFA86D4}.EasyTest|Any CPU.ActiveCfg = Debug|Any CPU
		{BBAB225A-A765-4D0C-93AF-FB05CEFA86D4}.EasyTest|Any CPU.Build.0 = Debug|Any CPU
		{BBAB225A-A765-4D0C-93AF-FB05CEFA86D4}.Release|Any CPU.ActiveCfg = Release|Any CPU
		{BBAB225A-A765-4D0C-93AF-FB05CEFA86D4}.Release|Any CPU.Build.0 = Release|Any CPU
		{6EEE4062-4A3F-40C6-9D48-68481484574E}.Debug|Any CPU.ActiveCfg = Debug|Any CPU
		{6EEE4062-4A3F-40C6-9D48-68481484574E}.Debug|Any CPU.Build.0 = Debug|Any CPU
		{6EEE4062-4A3F-40C6-9D48-68481484574E}.EasyTest|Any CPU.ActiveCfg = Release|Any CPU
		{6EEE4062-4A3F-40C6-9D48-68481484574E}.EasyTest|Any CPU.Build.0 = Release|Any CPU
		{6EEE4062-4A3F-40C6-9D48-68481484574E}.Release|Any CPU.ActiveCfg = Release|Any CPU
		{6EEE4062-4A3F-40C6-9D48-68481484574E}.Release|Any CPU.Build.0 = Release|Any CPU
		{F90329E7-76BB-4B2F-A717-84644452FD6D}.Debug|Any CPU.ActiveCfg = Debug|Any CPU
		{F90329E7-76BB-4B2F-A717-84644452FD6D}.Debug|Any CPU.Build.0 = Debug|Any CPU
		{F90329E7-76BB-4B2F-A717-84644452FD6D}.EasyTest|Any CPU.ActiveCfg = Release|Any CPU
		{F90329E7-76BB-4B2F-A717-84644452FD6D}.EasyTest|Any CPU.Build.0 = Release|Any CPU
		{F90329E7-76BB-4B2F-A717-84644452FD6D}.Release|Any CPU.ActiveCfg = Release|Any CPU
		{F90329E7-76BB-4B2F-A717-84644452FD6D}.Release|Any CPU.Build.0 = Release|Any CPU
	EndGlobalSection
	GlobalSection(SolutionProperties) = preSolution
		HideSolutionNode = FALSE
	EndGlobalSection
	GlobalSection(ExtensibilityGlobals) = postSolution
		SolutionGuid = {7E0AD6DF-A9BD-4643-BE28-E85172AB0FF3}
	EndGlobalSection
EndGlobal
